
Microsoft Visual Studio Solution File, Format Version 12.00
# Visual Studio Version 17
VisualStudioVersion = 17.3.32825.248
MinimumVisualStudioVersion = 10.0.40219.1
Project("{FAE04EC0-301F-11D3-BF4B-00C04F79EFBC}") = "APIForUnitTesting", "APIForUnitTesting.csproj", "{6E400CED-1132-4BA8-BC4C-EF836487644C}"
EndProject
Project("{FAE04EC0-301F-11D3-BF4B-00C04F79EFBC}") = "TestProject", "..\TestProject\TestProject.csproj", "{4BA8231C-383A-445D-BB4F-3AA6158D4210}"
EndProject
Global
	GlobalSection(SolutionConfigurationPlatforms) = preSolution
		Debug|Any CPU = Debug|Any CPU
		Release|Any CPU = Release|Any CPU
	EndGlobalSection
	GlobalSection(ProjectConfigurationPlatforms) = postSolution
		{6E400CED-1132-4BA8-BC4C-EF836487644C}.Debug|Any CPU.ActiveCfg = Debug|Any CPU
		{6E400CED-1132-4BA8-BC4C-EF836487644C}.Debug|Any CPU.Build.0 = Debug|Any CPU
		{6E400CED-1132-4BA8-BC4C-EF836487644C}.Release|Any CPU.ActiveCfg = Release|Any CPU
		{6E400CED-1132-4BA8-BC4C-EF836487644C}.Release|Any CPU.Build.0 = Release|Any CPU
		{4BA8231C-383A-445D-BB4F-3AA6158D4210}.Debug|Any CPU.ActiveCfg = Debug|Any CPU
		{4BA8231C-383A-445D-BB4F-3AA6158D4210}.Debug|Any CPU.Build.0 = Debug|Any CPU
		{4BA8231C-383A-445D-BB4F-3AA6158D4210}.Release|Any CPU.ActiveCfg = Release|Any CPU
		{4BA8231C-383A-445D-BB4F-3AA6158D4210}.Release|Any CPU.Build.0 = Release|Any CPU
	EndGlobalSection
	GlobalSection(SolutionProperties) = preSolution
		HideSolutionNode = FALSE
	EndGlobalSection
	GlobalSection(ExtensibilityGlobals) = postSolution
		SolutionGuid = {3C196843-67B7-4A86-A0CC-D9C9E3436210}
	EndGlobalSection
EndGlobal
